PODS:
  - AgoraRtcEngine_Special_iOS (3.6.213)

DEPENDENCIES:
  - AgoraRtcEngine_Special_iOS (= 3.6.213)

SPEC REPOS:
  trunk:
    - AgoraRtcEngine_Special_iOS

SPEC CHECKSUMS:
  AgoraRtcEngine_Special_iOS: b456b94000813a9c18b64a2b915afeb475883929

PODFILE CHECKSUM: c56369cbbf79c9b827302a1d3c8d21f4d23f5e85

COCOAPODS: 1.11.2
